// !$*UTF8*$!
{
	archiveVersion = 1;
	classes = {
	};
	objectVersion = 50;
	objects = {

/* Begin PBXBuildFile section */
		0520970421C52C0F0026579C /* AppDelegate.swift in Sources */ = {isa = PBXBuildFile; fileRef = 0520970321C52C0F0026579C /* AppDelegate.swift */; };
		0520970921C52C0F0026579C /* Trends.storyboard in Resources */ = {isa = PBXBuildFile; fileRef = 0520970721C52C0F0026579C /* Trends.storyboard */; };
		0520970B21C52C100026579C /* Assets.xcassets in Resources */ = {isa = PBXBuildFile; fileRef = 0520970A21C52C100026579C /* Assets.xcassets */; };
		0520970E21C52C100026579C /* LaunchScreen.storyboard in Resources */ = {isa = PBXBuildFile; fileRef = 0520970C21C52C100026579C /* LaunchScreen.storyboard */; };
		0520972921C532290026579C /* PhotosService.swift in Sources */ = {isa = PBXBuildFile; fileRef = 0520972821C532290026579C /* PhotosService.swift */; };
		0520972B21C533020026579C /* AppConfig.swift in Sources */ = {isa = PBXBuildFile; fileRef = 0520972A21C533020026579C /* AppConfig.swift */; };
		0520973021C5335C0026579C /* DEBUG.plist in Resources */ = {isa = PBXBuildFile; fileRef = 0520972D21C5335C0026579C /* DEBUG.plist */; };
		0520973121C5335C0026579C /* RELEASE.plist in Resources */ = {isa = PBXBuildFile; fileRef = 0520972E21C5335C0026579C /* RELEASE.plist */; };
		0520973221C5335C0026579C /* STAGING.plist in Resources */ = {isa = PBXBuildFile; fileRef = 0520972F21C5335C0026579C /* STAGING.plist */; };
		0520973521C5340C0026579C /* photos in Resources */ = {isa = PBXBuildFile; fileRef = 0520973421C5340C0026579C /* photos */; };
		0520973821C5348F0026579C /* R.generated.swift in Sources */ = {isa = PBXBuildFile; fileRef = 0520973721C5348F0026579C /* R.generated.swift */; };
		0520973A21C534DA0026579C /* UnsplashPhotoObject.swift in Sources */ = {isa = PBXBuildFile; fileRef = 0520973921C534DA0026579C /* UnsplashPhotoObject.swift */; };
		0520973D21C537610026579C /* Moya+Promises.swift in Sources */ = {isa = PBXBuildFile; fileRef = 0520973C21C537610026579C /* Moya+Promises.swift */; };
		0520973F21C5382E0026579C /* TrendPhotoModel.swift in Sources */ = {isa = PBXBuildFile; fileRef = 0520973E21C5382E0026579C /* TrendPhotoModel.swift */; };
		0520974121C53F900026579C /* UIViewController+Alert.swift in Sources */ = {isa = PBXBuildFile; fileRef = 0520974021C53F900026579C /* UIViewController+Alert.swift */; };
		0520974321C541C00026579C /* Service+Access.swift in Sources */ = {isa = PBXBuildFile; fileRef = 0520974221C541C00026579C /* Service+Access.swift */; };
		0520974521C54BCC0026579C /* TrendPhotosController.swift in Sources */ = {isa = PBXBuildFile; fileRef = 0520974421C54BCC0026579C /* TrendPhotosController.swift */; };
		0520974721C54CB80026579C /* TrendPhotoCell.swift in Sources */ = {isa = PBXBuildFile; fileRef = 0520974621C54CB80026579C /* TrendPhotoCell.swift */; };
		0520974921C54D990026579C /* TrendPhotoViewModel.swift in Sources */ = {isa = PBXBuildFile; fileRef = 0520974821C54D990026579C /* TrendPhotoViewModel.swift */; };
		0520974C21C54E360026579C /* ViewModel.swift in Sources */ = {isa = PBXBuildFile; fileRef = 0520974B21C54E360026579C /* ViewModel.swift */; };
		0520974E21C54E420026579C /* ViewModelLifeCycle.swift in Sources */ = {isa = PBXBuildFile; fileRef = 0520974D21C54E420026579C /* ViewModelLifeCycle.swift */; };
		0520975021C55B970026579C /* TrendCellViewModel.swift in Sources */ = {isa = PBXBuildFile; fileRef = 0520974F21C55B970026579C /* TrendCellViewModel.swift */; };
		0520975221C55BE70026579C /* PhotoObject.swift in Sources */ = {isa = PBXBuildFile; fileRef = 0520975121C55BE70026579C /* PhotoObject.swift */; };
		0520975421C56AB50026579C /* Error+.swift in Sources */ = {isa = PBXBuildFile; fileRef = 0520975321C56AB50026579C /* Error+.swift */; };
		0520975621C5759B0026579C /* PinterestLayout.swift in Sources */ = {isa = PBXBuildFile; fileRef = 0520975521C5759B0026579C /* PinterestLayout.swift */; };
		0520975821C583F80026579C /* TrendDetail.storyboard in Resources */ = {isa = PBXBuildFile; fileRef = 0520975721C583F80026579C /* TrendDetail.storyboard */; };
		0520975A21C5843A0026579C /* TrendDetailController.swift in Sources */ = {isa = PBXBuildFile; fileRef = 0520975921C5843A0026579C /* TrendDetailController.swift */; };
		0520975C21C586160026579C /* PhotoDetailViewModel.swift in Sources */ = {isa = PBXBuildFile; fileRef = 0520975B21C586160026579C /* PhotoDetailViewModel.swift */; };
		0520976121C5BF240026579C /* TrendPhotoModelSpec.swift in Sources */ = {isa = PBXBuildFile; fileRef = 0520976021C5BF240026579C /* TrendPhotoModelSpec.swift */; };
		76DB3FF697CF66B1BF0E530C /* libPods-PhotoGallery.a in Frameworks */ = {isa = PBXBuildFile; fileRef = EB97184582D99C8884FE6599 /* libPods-PhotoGallery.a */; };
		AC92EEF090511D182C8BF22B /* libPods-PhotoGalleryTests.a in Frameworks */ = {isa = PBXBuildFile; fileRef = 0283EC69261738FFB3DE9A44 /* libPods-PhotoGalleryTests.a */; };
/* End PBXBuildFile section */

/* Begin PBXContainerItemProxy section */
		0520971521C52C110026579C /* PBXContainerItemProxy */ = {
			isa = PBXContainerItemProxy;
			containerPortal = 052096F821C52C0F0026579C /* Project object */;
			proxyType = 1;
			remoteGlobalIDString = 052096FF21C52C0F0026579C;
			remoteInfo = PhotoGallery;
		};
/* End PBXContainerItemProxy section */

/* Begin PBXFileReference section */
		0283EC69261738FFB3DE9A44 /* libPods-PhotoGalleryTests.a */ = {isa = PBXFileReference; explicitFileType = archive.ar; includeInIndex = 0; path = "libPods-PhotoGalleryTests.a"; sourceTree = BUILT_PRODUCTS_DIR; };
		0520970021C52C0F0026579C /* PhotoGallery.app */ = {isa = PBXFileReference; explicitFileType = wrapper.application; includeInIndex = 0; path = PhotoGallery.app; sourceTree = BUILT_PRODUCTS_DIR; };
		0520970321C52C0F0026579C /* AppDelegate.swift */ = {isa = PBXFileReference; lastKnownFileType = sourcecode.swift; path = AppDelegate.swift; sourceTree = "<group>"; };
		0520970821C52C0F0026579C /* Base */ = {isa = PBXFileReference; lastKnownFileType = file.storyboard; name = Base; path = Base.lproj/Trends.storyboard; sourceTree = "<group>"; };
		0520970A21C52C100026579C /* Assets.xcassets */ = {isa = PBXFileReference; lastKnownFileType = folder.assetcatalog; path = Assets.xcassets; sourceTree = "<group>"; };
		0520970D21C52C100026579C /* Base */ = {isa = PBXFileReference; lastKnownFileType = file.storyboard; name = Base; path = Base.lproj/LaunchScreen.storyboard; sourceTree = "<group>"; };
		0520970F21C52C100026579C /* Info.plist */ = {isa = PBXFileReference; lastKnownFileType = text.plist.xml; path = Info.plist; sourceTree = "<group>"; };
		0520971421C52C110026579C /* PhotoGalleryTests.xctest */ = {isa = PBXFileReference; explicitFileType = wrapper.cfbundle; includeInIndex = 0; path = PhotoGalleryTests.xctest; sourceTree = BUILT_PRODUCTS_DIR; };
		0520971A21C52C110026579C /* Info.plist */ = {isa = PBXFileReference; lastKnownFileType = text.plist.xml; path = Info.plist; sourceTree = "<group>"; };
		0520972821C532290026579C /* PhotosService.swift */ = {isa = PBXFileReference; lastKnownFileType = sourcecode.swift; path = PhotosService.swift; sourceTree = "<group>"; };
		0520972A21C533020026579C /* AppConfig.swift */ = {isa = PBXFileReference; lastKnownFileType = sourcecode.swift; path = AppConfig.swift; sourceTree = "<group>"; };
		0520972D21C5335C0026579C /* DEBUG.plist */ = {isa = PBXFileReference; fileEncoding = 4; lastKnownFileType = text.plist.xml; path = DEBUG.plist; sourceTree = "<group>"; };
		0520972E21C5335C0026579C /* RELEASE.plist */ = {isa = PBXFileReference; fileEncoding = 4; lastKnownFileType = text.plist.xml; path = RELEASE.plist; sourceTree = "<group>"; };
		0520972F21C5335C0026579C /* STAGING.plist */ = {isa = PBXFileReference; fileEncoding = 4; lastKnownFileType = text.plist.xml; path = STAGING.plist; sourceTree = "<group>"; };
		0520973421C5340C0026579C /* photos */ = {isa = PBXFileReference; fileEncoding = 4; lastKnownFileType = text; path = photos; sourceTree = "<group>"; };
		0520973721C5348F0026579C /* R.generated.swift */ = {isa = PBXFileReference; fileEncoding = 4; lastKnownFileType = sourcecode.swift; path = R.generated.swift; sourceTree = "<group>"; };
		0520973921C534DA0026579C /* UnsplashPhotoObject.swift */ = {isa = PBXFileReference; lastKnownFileType = sourcecode.swift; path = UnsplashPhotoObject.swift; sourceTree = "<group>"; };
		0520973C21C537610026579C /* Moya+Promises.swift */ = {isa = PBXFileReference; lastKnownFileType = sourcecode.swift; path = "Moya+Promises.swift"; sourceTree = "<group>"; };
		0520973E21C5382E0026579C /* TrendPhotoModel.swift */ = {isa = PBXFileReference; lastKnownFileType = sourcecode.swift; path = TrendPhotoModel.swift; sourceTree = "<group>"; };
		0520974021C53F900026579C /* UIViewController+Alert.swift */ = {isa = PBXFileReference; lastKnownFileType = sourcecode.swift; path = "UIViewController+Alert.swift"; sourceTree = "<group>"; };
		0520974221C541C00026579C /* Service+Access.swift */ = {isa = PBXFileReference; lastKnownFileType = sourcecode.swift; path = "Service+Access.swift"; sourceTree = "<group>"; };
		0520974421C54BCC0026579C /* TrendPhotosController.swift */ = {isa = PBXFileReference; lastKnownFileType = sourcecode.swift; path = TrendPhotosController.swift; sourceTree = "<group>"; };
		0520974621C54CB80026579C /* TrendPhotoCell.swift */ = {isa = PBXFileReference; lastKnownFileType = sourcecode.swift; path = TrendPhotoCell.swift; sourceTree = "<group>"; };
		0520974821C54D990026579C /* TrendPhotoViewModel.swift */ = {isa = PBXFileReference; lastKnownFileType = sourcecode.swift; path = TrendPhotoViewModel.swift; sourceTree = "<group>"; };
		0520974B21C54E360026579C /* ViewModel.swift */ = {isa = PBXFileReference; lastKnownFileType = sourcecode.swift; path = ViewModel.swift; sourceTree = "<group>"; };
		0520974D21C54E420026579C /* ViewModelLifeCycle.swift */ = {isa = PBXFileReference; lastKnownFileType = sourcecode.swift; path = ViewModelLifeCycle.swift; sourceTree = "<group>"; };
		0520974F21C55B970026579C /* TrendCellViewModel.swift */ = {isa = PBXFileReference; lastKnownFileType = sourcecode.swift; path = TrendCellViewModel.swift; sourceTree = "<group>"; };
		0520975121C55BE70026579C /* PhotoObject.swift */ = {isa = PBXFileReference; lastKnownFileType = sourcecode.swift; path = PhotoObject.swift; sourceTree = "<group>"; };
		0520975321C56AB50026579C /* Error+.swift */ = {isa = PBXFileReference; lastKnownFileType = sourcecode.swift; path = "Error+.swift"; sourceTree = "<group>"; };
		0520975521C5759B0026579C /* PinterestLayout.swift */ = {isa = PBXFileReference; lastKnownFileType = sourcecode.swift; path = PinterestLayout.swift; sourceTree = "<group>"; };
		0520975721C583F80026579C /* TrendDetail.storyboard */ = {isa = PBXFileReference; lastKnownFileType = file.storyboard; path = TrendDetail.storyboard; sourceTree = "<group>"; };
		0520975921C5843A0026579C /* TrendDetailController.swift */ = {isa = PBXFileReference; lastKnownFileType = sourcecode.swift; path = TrendDetailController.swift; sourceTree = "<group>"; };
		0520975B21C586160026579C /* PhotoDetailViewModel.swift */ = {isa = PBXFileReference; lastKnownFileType = sourcecode.swift; path = PhotoDetailViewModel.swift; sourceTree = "<group>"; };
		0520976021C5BF240026579C /* TrendPhotoModelSpec.swift */ = {isa = PBXFileReference; lastKnownFileType = sourcecode.swift; path = TrendPhotoModelSpec.swift; sourceTree = "<group>"; };
		572989924D66B3540FC8C77D /* Pods-PhotoGallery.release.xcconfig */ = {isa = PBXFileReference; includeInIndex = 1; lastKnownFileType = text.xcconfig; name = "Pods-PhotoGallery.release.xcconfig"; path = "Pods/Target Support Files/Pods-PhotoGallery/Pods-PhotoGallery.release.xcconfig"; sourceTree = "<group>"; };
		692F3FB6EA5684291BCB4C29 /* Pods-PhotoGalleryTests.debug.xcconfig */ = {isa = PBXFileReference; includeInIndex = 1; lastKnownFileType = text.xcconfig; name = "Pods-PhotoGalleryTests.debug.xcconfig"; path = "Pods/Target Support Files/Pods-PhotoGalleryTests/Pods-PhotoGalleryTests.debug.xcconfig"; sourceTree = "<group>"; };
		991F4192F8D75312B7CC56FC /* Pods-PhotoGallery.debug.xcconfig */ = {isa = PBXFileReference; includeInIndex = 1; lastKnownFileType = text.xcconfig; name = "Pods-PhotoGallery.debug.xcconfig"; path = "Pods/Target Support Files/Pods-PhotoGallery/Pods-PhotoGallery.debug.xcconfig"; sourceTree = "<group>"; };
		C937605981F790E1CDC6CD09 /* Pods-PhotoGalleryTests.release.xcconfig */ = {isa = PBXFileReference; includeInIndex = 1; lastKnownFileType = text.xcconfig; name = "Pods-PhotoGalleryTests.release.xcconfig"; path = "Pods/Target Support Files/Pods-PhotoGalleryTests/Pods-PhotoGalleryTests.release.xcconfig"; sourceTree = "<group>"; };
		EB97184582D99C8884FE6599 /* libPods-PhotoGallery.a */ = {isa = PBXFileReference; explicitFileType = archive.ar; includeInIndex = 0; path = "libPods-PhotoGallery.a"; sourceTree = BUILT_PRODUCTS_DIR; };
/* End PBXFileReference section */

/* Begin PBXFrameworksBuildPhase section */
		052096FD21C52C0F0026579C /* Frameworks */ = {
			isa = PBXFrameworksBuildPhase;
			buildActionMask = 2147483647;
			files = (
				76DB3FF697CF66B1BF0E530C /* libPods-PhotoGallery.a in Frameworks */,
			);
			runOnlyForDeploymentPostprocessing = 0;
		};
		0520971121C52C110026579C /* Frameworks */ = {
			isa = PBXFrameworksBuildPhase;
			buildActionMask = 2147483647;
			files = (
				AC92EEF090511D182C8BF22B /* libPods-PhotoGalleryTests.a in Frameworks */,
			);
			runOnlyForDeploymentPostprocessing = 0;
		};
/* End PBXFrameworksBuildPhase section */

/* Begin PBXGroup section */
		052096F721C52C0F0026579C = {
			isa = PBXGroup;
			children = (
				0520973721C5348F0026579C /* R.generated.swift */,
				0520970221C52C0F0026579C /* PhotoGallery */,
				0520971721C52C110026579C /* PhotoGalleryTests */,
				0520970121C52C0F0026579C /* Products */,
				32989480CDC6105C45ED5B57 /* Pods */,
				EC1CA063E7C2A818A1AA719C /* Frameworks */,
			);
			sourceTree = "<group>";
		};
		0520970121C52C0F0026579C /* Products */ = {
			isa = PBXGroup;
			children = (
				0520970021C52C0F0026579C /* PhotoGallery.app */,
				0520971421C52C110026579C /* PhotoGalleryTests.xctest */,
			);
			name = Products;
			sourceTree = "<group>";
		};
		0520970221C52C0F0026579C /* PhotoGallery */ = {
			isa = PBXGroup;
			children = (
				0520972721C52DD50026579C /* Helper */,
				0520972621C52DCF0026579C /* Service */,
				0520972521C52DC70026579C /* Model */,
				0520972421C52DC00026579C /* ViewModel */,
				0520972321C52DBB0026579C /* View */,
				0520970321C52C0F0026579C /* AppDelegate.swift */,
				0520970A21C52C100026579C /* Assets.xcassets */,
				0520970F21C52C100026579C /* Info.plist */,
			);
			path = PhotoGallery;
			sourceTree = "<group>";
		};
		0520971721C52C110026579C /* PhotoGalleryTests */ = {
			isa = PBXGroup;
			children = (
				0520971A21C52C110026579C /* Info.plist */,
				0520976021C5BF240026579C /* TrendPhotoModelSpec.swift */,
			);
			path = PhotoGalleryTests;
			sourceTree = "<group>";
		};
		0520972321C52DBB0026579C /* View */ = {
			isa = PBXGroup;
			children = (
				0520975E21C5BB120026579C /* TrendDetail */,
				0520975D21C5BB040026579C /* TrendsList */,
				0520970C21C52C100026579C /* LaunchScreen.storyboard */,
			);
			path = View;
			sourceTree = "<group>";
		};
		0520972421C52DC00026579C /* ViewModel */ = {
			isa = PBXGroup;
			children = (
				0520974A21C54E200026579C /* Core */,
				0520974821C54D990026579C /* TrendPhotoViewModel.swift */,
				0520974F21C55B970026579C /* TrendCellViewModel.swift */,
				0520975B21C586160026579C /* PhotoDetailViewModel.swift */,
			);
			path = ViewModel;
			sourceTree = "<group>";
		};
		0520972521C52DC70026579C /* Model */ = {
			isa = PBXGroup;
			children = (
				0520973921C534DA0026579C /* UnsplashPhotoObject.swift */,
				0520973E21C5382E0026579C /* TrendPhotoModel.swift */,
				0520975121C55BE70026579C /* PhotoObject.swift */,
			);
			path = Model;
			sourceTree = "<group>";
		};
		0520972621C52DCF0026579C /* Service */ = {
			isa = PBXGroup;
			children = (
				0520973321C533FE0026579C /* Mock */,
				0520972821C532290026579C /* PhotosService.swift */,
				0520974221C541C00026579C /* Service+Access.swift */,
			);
			path = Service;
			sourceTree = "<group>";
		};
		0520972721C52DD50026579C /* Helper */ = {
			isa = PBXGroup;
			children = (
				0520975F21C5BDA50026579C /* Utils */,
				0520973B21C536A20026579C /* Extensions */,
				0520972C21C533480026579C /* Config */,
			);
			path = Helper;
			sourceTree = "<group>";
		};
		0520972C21C533480026579C /* Config */ = {
			isa = PBXGroup;
			children = (
				0520972D21C5335C0026579C /* DEBUG.plist */,
				0520972E21C5335C0026579C /* RELEASE.plist */,
				0520972F21C5335C0026579C /* STAGING.plist */,
				0520972A21C533020026579C /* AppConfig.swift */,
			);
			path = Config;
			sourceTree = "<group>";
		};
		0520973321C533FE0026579C /* Mock */ = {
			isa = PBXGroup;
			children = (
				0520973421C5340C0026579C /* photos */,
			);
			path = Mock;
			sourceTree = "<group>";
		};
		0520973B21C536A20026579C /* Extensions */ = {
			isa = PBXGroup;
			children = (
				0520973C21C537610026579C /* Moya+Promises.swift */,
				0520974021C53F900026579C /* UIViewController+Alert.swift */,
				0520975321C56AB50026579C /* Error+.swift */,
			);
			path = Extensions;
			sourceTree = "<group>";
		};
		0520974A21C54E200026579C /* Core */ = {
			isa = PBXGroup;
			children = (
				0520974B21C54E360026579C /* ViewModel.swift */,
				0520974D21C54E420026579C /* ViewModelLifeCycle.swift */,
			);
			path = Core;
			sourceTree = "<group>";
		};
		0520975D21C5BB040026579C /* TrendsList */ = {
			isa = PBXGroup;
			children = (
				0520970721C52C0F0026579C /* Trends.storyboard */,
				0520974421C54BCC0026579C /* TrendPhotosController.swift */,
				0520974621C54CB80026579C /* TrendPhotoCell.swift */,
			);
			path = TrendsList;
			sourceTree = "<group>";
		};
		0520975E21C5BB120026579C /* TrendDetail */ = {
			isa = PBXGroup;
			children = (
				0520975721C583F80026579C /* TrendDetail.storyboard */,
				0520975921C5843A0026579C /* TrendDetailController.swift */,
			);
			path = TrendDetail;
			sourceTree = "<group>";
		};
		0520975F21C5BDA50026579C /* Utils */ = {
			isa = PBXGroup;
			children = (
				0520975521C5759B0026579C /* PinterestLayout.swift */,
			);
			path = Utils;
			sourceTree = "<group>";
		};
		32989480CDC6105C45ED5B57 /* Pods */ = {
			isa = PBXGroup;
			children = (
				991F4192F8D75312B7CC56FC /* Pods-PhotoGallery.debug.xcconfig */,
				572989924D66B3540FC8C77D /* Pods-PhotoGallery.release.xcconfig */,
				692F3FB6EA5684291BCB4C29 /* Pods-PhotoGalleryTests.debug.xcconfig */,
				C937605981F790E1CDC6CD09 /* Pods-PhotoGalleryTests.release.xcconfig */,
			);
			name = Pods;
			sourceTree = "<group>";
		};
		EC1CA063E7C2A818A1AA719C /* Frameworks */ = {
			isa = PBXGroup;
			children = (
				EB97184582D99C8884FE6599 /* libPods-PhotoGallery.a */,
				0283EC69261738FFB3DE9A44 /* libPods-PhotoGalleryTests.a */,
			);
			name = Frameworks;
			sourceTree = "<group>";
		};
/* End PBXGroup section */

/* Begin PBXNativeTarget section */
		052096FF21C52C0F0026579C /* PhotoGallery */ = {
			isa = PBXNativeTarget;
			buildConfigurationList = 0520971D21C52C110026579C /* Build configuration list for PBXNativeTarget "PhotoGallery" */;
			buildPhases = (
				196D14D40CFCA5B338E69515 /* [CP] Check Pods Manifest.lock */,
				052096FC21C52C0F0026579C /* Sources */,
				052096FD21C52C0F0026579C /* Frameworks */,
				052096FE21C52C0F0026579C /* Resources */,
				0520973621C534730026579C /* RSwift */,
			);
			buildRules = (
			);
			dependencies = (
			);
			name = PhotoGallery;
			productName = PhotoGallery;
			productReference = 0520970021C52C0F0026579C /* PhotoGallery.app */;
			productType = "com.apple.product-type.application";
		};
		0520971321C52C110026579C /* PhotoGalleryTests */ = {
			isa = PBXNativeTarget;
			buildConfigurationList = 0520972021C52C110026579C /* Build configuration list for PBXNativeTarget "PhotoGalleryTests" */;
			buildPhases = (
				A244DC3897714721F6334268 /* [CP] Check Pods Manifest.lock */,
				0520971021C52C110026579C /* Sources */,
				0520971121C52C110026579C /* Frameworks */,
				0520971221C52C110026579C /* Resources */,
			);
			buildRules = (
			);
			dependencies = (
				0520971621C52C110026579C /* PBXTargetDependency */,
			);
			name = PhotoGalleryTests;
			productName = PhotoGalleryTests;
			productReference = 0520971421C52C110026579C /* PhotoGalleryTests.xctest */;
			productType = "com.apple.product-type.bundle.unit-test";
		};
/* End PBXNativeTarget section */

/* Begin PBXProject section */
		052096F821C52C0F0026579C /* Project object */ = {
			isa = PBXProject;
			attributes = {
				LastSwiftUpdateCheck = 1010;
				LastUpgradeCheck = 1010;
				ORGANIZATIONNAME = Homify;
				TargetAttributes = {
					052096FF21C52C0F0026579C = {
						CreatedOnToolsVersion = 10.1;
					};
					0520971321C52C110026579C = {
						CreatedOnToolsVersion = 10.1;
						TestTargetID = 052096FF21C52C0F0026579C;
					};
				};
			};
			buildConfigurationList = 052096FB21C52C0F0026579C /* Build configuration list for PBXProject "PhotoGallery" */;
			compatibilityVersion = "Xcode 9.3";
			developmentRegion = en;
			hasScannedForEncodings = 0;
			knownRegions = (
				en,
				Base,
			);
			mainGroup = 052096F721C52C0F0026579C;
			productRefGroup = 0520970121C52C0F0026579C /* Products */;
			projectDirPath = "";
			projectRoot = "";
			targets = (
				052096FF21C52C0F0026579C /* PhotoGallery */,
				0520971321C52C110026579C /* PhotoGalleryTests */,
			);
		};
/* End PBXProject section */

/* Begin PBXResourcesBuildPhase section */
		052096FE21C52C0F0026579C /* Resources */ = {
			isa = PBXResourcesBuildPhase;
			buildActionMask = 2147483647;
			files = (
				0520973221C5335C0026579C /* STAGING.plist in Resources */,
				0520973021C5335C0026579C /* DEBUG.plist in Resources */,
				0520970E21C52C100026579C /* LaunchScreen.storyboard in Resources */,
				0520970B21C52C100026579C /* Assets.xcassets in Resources */,
				0520970921C52C0F0026579C /* Trends.storyboard in Resources */,
				0520975821C583F80026579C /* TrendDetail.storyboard in Resources */,
				0520973121C5335C0026579C /* RELEASE.plist in Resources */,
				0520973521C5340C0026579C /* photos in Resources */,
			);
			runOnlyForDeploymentPostprocessing = 0;
		};
		0520971221C52C110026579C /* Resources */ = {
			isa = PBXResourcesBuildPhase;
			buildActionMask = 2147483647;
			files = (
			);
			runOnlyForDeploymentPostprocessing = 0;
		};
/* End PBXResourcesBuildPhase section */

/* Begin PBXShellScriptBuildPhase section */
		0520973621C534730026579C /* RSwift */ = {
			isa = PBXShellScriptBuildPhase;
			buildActionMask = 2147483647;
			files = (
			);
			inputFileListPaths = (
			);
			inputPaths = (
			);
			name = RSwift;
			outputFileListPaths = (
			);
			outputPaths = (
			);
			runOnlyForDeploymentPostprocessing = 0;
			shellPath = /bin/sh;
			shellScript = "\"$PODS_ROOT/R.swift/rswift\" generate \"$SRCROOT\"\n";
		};
		196D14D40CFCA5B338E69515 /* [CP] Check Pods Manifest.lock */ = {
			isa = PBXShellScriptBuildPhase;
			buildActionMask = 2147483647;
			files = (
			);
			inputFileListPaths = (
			);
			inputPaths = (
				"${PODS_PODFILE_DIR_PATH}/Podfile.lock",
				"${PODS_ROOT}/Manifest.lock",
			);
			name = "[CP] Check Pods Manifest.lock";
			outputFileListPaths = (
			);
			outputPaths = (
				"$(DERIVED_FILE_DIR)/Pods-PhotoGallery-checkManifestLockResult.txt",
			);
			runOnlyForDeploymentPostprocessing = 0;
			shellPath = /bin/sh;
			shellScript = "diff \"${PODS_PODFILE_DIR_PATH}/Podfile.lock\" \"${PODS_ROOT}/Manifest.lock\" > /dev/null\nif [ $? != 0 ] ; then\n    # print error to STDERR\n    echo \"error: The sandbox is not in sync with the Podfile.lock. Run 'pod install' or update your CocoaPods installation.\" >&2\n    exit 1\nfi\n# This output is used by Xcode 'outputs' to avoid re-running this script phase.\necho \"SUCCESS\" > \"${SCRIPT_OUTPUT_FILE_0}\"\n";
			showEnvVarsInLog = 0;
		};
		A244DC3897714721F6334268 /* [CP] Check Pods Manifest.lock */ = {
			isa = PBXShellScriptBuildPhase;
			buildActionMask = 2147483647;
			files = (
			);
			inputFileListPaths = (
			);
			inputPaths = (
				"${PODS_PODFILE_DIR_PATH}/Podfile.lock",
				"${PODS_ROOT}/Manifest.lock",
			);
			name = "[CP] Check Pods Manifest.lock";
			outputFileListPaths = (
			);
			outputPaths = (
				"$(DERIVED_FILE_DIR)/Pods-PhotoGalleryTests-checkManifestLockResult.txt",
			);
			runOnlyForDeploymentPostprocessing = 0;
			shellPath = /bin/sh;
			shellScript = "diff \"${PODS_PODFILE_DIR_PATH}/Podfile.lock\" \"${PODS_ROOT}/Manifest.lock\" > /dev/null\nif [ $? != 0 ] ; then\n    # print error to STDERR\n    echo \"error: The sandbox is not in sync with the Podfile.lock. Run 'pod install' or update your CocoaPods installation.\" >&2\n    exit 1\nfi\n# This output is used by Xcode 'outputs' to avoid re-running this script phase.\necho \"SUCCESS\" > \"${SCRIPT_OUTPUT_FILE_0}\"\n";
			showEnvVarsInLog = 0;
		};
/* End PBXShellScriptBuildPhase section */

/* Begin PBXSourcesBuildPhase section */
		052096FC21C52C0F0026579C /* Sources */ = {
			isa = PBXSourcesBuildPhase;
			buildActionMask = 2147483647;
			files = (
				0520974121C53F900026579C /* UIViewController+Alert.swift in Sources */,
				0520973F21C5382E0026579C /* TrendPhotoModel.swift in Sources */,
				0520975A21C5843A0026579C /* TrendDetailController.swift in Sources */,
				0520973A21C534DA0026579C /* UnsplashPhotoObject.swift in Sources */,
				0520973D21C537610026579C /* Moya+Promises.swift in Sources */,
				0520975021C55B970026579C /* TrendCellViewModel.swift in Sources */,
				0520974721C54CB80026579C /* TrendPhotoCell.swift in Sources */,
				0520975621C5759B0026579C /* PinterestLayout.swift in Sources */,
				0520972B21C533020026579C /* AppConfig.swift in Sources */,
				0520974C21C54E360026579C /* ViewModel.swift in Sources */,
				0520974521C54BCC0026579C /* TrendPhotosController.swift in Sources */,
				0520974921C54D990026579C /* TrendPhotoViewModel.swift in Sources */,
				0520973821C5348F0026579C /* R.generated.swift in Sources */,
				0520974321C541C00026579C /* Service+Access.swift in Sources */,
				0520975C21C586160026579C /* PhotoDetailViewModel.swift in Sources */,
				0520972921C532290026579C /* PhotosService.swift in Sources */,
				0520975421C56AB50026579C /* Error+.swift in Sources */,
				0520975221C55BE70026579C /* PhotoObject.swift in Sources */,
				0520970421C52C0F0026579C /* AppDelegate.swift in Sources */,
				0520974E21C54E420026579C /* ViewModelLifeCycle.swift in Sources */,
			);
			runOnlyForDeploymentPostprocessing = 0;
		};
		0520971021C52C110026579C /* Sources */ = {
			isa = PBXSourcesBuildPhase;
			buildActionMask = 2147483647;
			files = (
				0520976121C5BF240026579C /* TrendPhotoModelSpec.swift in Sources */,
			);
			runOnlyForDeploymentPostprocessing = 0;
		};
/* End PBXSourcesBuildPhase section */

/* Begin PBXTargetDependency section */
		0520971621C52C110026579C /* PBXTargetDependency */ = {
			isa = PBXTargetDependency;
			target = 052096FF21C52C0F0026579C /* PhotoGallery */;
			targetProxy = 0520971521C52C110026579C /* PBXContainerItemProxy */;
		};
/* End PBXTargetDependency section */

/* Begin PBXVariantGroup section */
		0520970721C52C0F0026579C /* Trends.storyboard */ = {
			isa = PBXVariantGroup;
			children = (
				0520970821C52C0F0026579C /* Base */,
			);
			name = Trends.storyboard;
			sourceTree = "<group>";
		};
		0520970C21C52C100026579C /* LaunchScreen.storyboard */ = {
			isa = PBXVariantGroup;
			children = (
				0520970D21C52C100026579C /* Base */,
			);
			name = LaunchScreen.storyboard;
			sourceTree = "<group>";
		};
/* End PBXVariantGroup section */

/* Begin XCBuildConfiguration section */
		0520971B21C52C110026579C /* Debug */ = {
			isa = XCBuildConfiguration;
			buildSettings = {
				ALWAYS_SEARCH_USER_PATHS = NO;
				CLANG_ANALYZER_NONNULL = YES;
				CLANG_ANALYZER_NUMBER_OBJECT_CONVERSION = YES_AGGRESSIVE;
				CLANG_CXX_LANGUAGE_STANDARD = "gnu++14";
				CLANG_CXX_LIBRARY = "libc++";
				CLANG_ENABLE_MODULES = YES;
				CLANG_ENABLE_OBJC_ARC = YES;
				CLANG_ENABLE_OBJC_WEAK = YES;
				CLANG_WARN_BLOCK_CAPTURE_AUTORELEASING = YES;
				CLANG_WARN_BOOL_CONVERSION = YES;
				CLANG_WARN_COMMA = YES;
				CLANG_WARN_CONSTANT_CONVERSION = YES;
				CLANG_WARN_DEPRECATED_OBJC_IMPLEMENTATIONS = YES;
				CLANG_WARN_DIRECT_OBJC_ISA_USAGE = YES_ERROR;
				CLANG_WARN_DOCUMENTATION_COMMENTS = YES;
				CLANG_WARN_EMPTY_BODY = YES;
				CLANG_WARN_ENUM_CONVERSION = YES;
				CLANG_WARN_INFINITE_RECURSION = YES;
				CLANG_WARN_INT_CONVERSION = YES;
				CLANG_WARN_NON_LITERAL_NULL_CONVERSION = YES;
				CLANG_WARN_OBJC_IMPLICIT_RETAIN_SELF = YES;
				CLANG_WARN_OBJC_LITERAL_CONVERSION = YES;
				CLANG_WARN_OBJC_ROOT_CLASS = YES_ERROR;
				CLANG_WARN_RANGE_LOOP_ANALYSIS = YES;
				CLANG_WARN_STRICT_PROTOTYPES = YES;
				CLANG_WARN_SUSPICIOUS_MOVE = YES;
				CLANG_WARN_UNGUARDED_AVAILABILITY = YES_AGGRESSIVE;
				CLANG_WARN_UNREACHABLE_CODE = YES;
				CLANG_WARN__DUPLICATE_METHOD_MATCH = YES;
				CODE_SIGN_IDENTITY = "iPhone Developer";
				COPY_PHASE_STRIP = NO;
				DEBUG_INFORMATION_FORMAT = dwarf;
				ENABLE_STRICT_OBJC_MSGSEND = YES;
				ENABLE_TESTABILITY = YES;
				GCC_C_LANGUAGE_STANDARD = gnu11;
				GCC_DYNAMIC_NO_PIC = NO;
				GCC_NO_COMMON_BLOCKS = YES;
				GCC_OPTIMIZATION_LEVEL = 0;
				GCC_PREPROCESSOR_DEFINITIONS = (
					"DEBUG=1",
					"$(inherited)",
				);
				GCC_WARN_64_TO_32_BIT_CONVERSION = YES;
				GCC_WARN_ABOUT_RETURN_TYPE = YES_ERROR;
				GCC_WARN_UNDECLARED_SELECTOR = YES;
				GCC_WARN_UNINITIALIZED_AUTOS = YES_AGGRESSIVE;
				GCC_WARN_UNUSED_FUNCTION = YES;
				GCC_WARN_UNUSED_VARIABLE = YES;
				IPHONEOS_DEPLOYMENT_TARGET = 11.0;
				MTL_ENABLE_DEBUG_INFO = INCLUDE_SOURCE;
				MTL_FAST_MATH = YES;
				ONLY_ACTIVE_ARCH = YES;
				SDKROOT = iphoneos;
				SWIFT_ACTIVE_COMPILATION_CONDITIONS = DEBUG;
				SWIFT_OPTIMIZATION_LEVEL = "-Onone";
			};
			name = Debug;
		};
		0520971C21C52C110026579C /* Release */ = {
			isa = XCBuildConfiguration;
			buildSettings = {
				ALWAYS_SEARCH_USER_PATHS = NO;
				CLANG_ANALYZER_NONNULL = YES;
				CLANG_ANALYZER_NUMBER_OBJECT_CONVERSION = YES_AGGRESSIVE;
				CLANG_CXX_LANGUAGE_STANDARD = "gnu++14";
				CLANG_CXX_LIBRARY = "libc++";
				CLANG_ENABLE_MODULES = YES;
				CLANG_ENABLE_OBJC_ARC = YES;
				CLANG_ENABLE_OBJC_WEAK = YES;
				CLANG_WARN_BLOCK_CAPTURE_AUTORELEASING = YES;
				CLANG_WARN_BOOL_CONVERSION = YES;
				CLANG_WARN_COMMA = YES;
				CLANG_WARN_CONSTANT_CONVERSION = YES;
				CLANG_WARN_DEPRECATED_OBJC_IMPLEMENTATIONS = YES;
				CLANG_WARN_DIRECT_OBJC_ISA_USAGE = YES_ERROR;
				CLANG_WARN_DOCUMENTATION_COMMENTS = YES;
				CLANG_WARN_EMPTY_BODY = YES;
				CLANG_WARN_ENUM_CONVERSION = YES;
				CLANG_WARN_INFINITE_RECURSION = YES;
				CLANG_WARN_INT_CONVERSION = YES;
				CLANG_WARN_NON_LITERAL_NULL_CONVERSION = YES;
				CLANG_WARN_OBJC_IMPLICIT_RETAIN_SELF = YES;
				CLANG_WARN_OBJC_LITERAL_CONVERSION = YES;
				CLANG_WARN_OBJC_ROOT_CLASS = YES_ERROR;
				CLANG_WARN_RANGE_LOOP_ANALYSIS = YES;
				CLANG_WARN_STRICT_PROTOTYPES = YES;
				CLANG_WARN_SUSPICIOUS_MOVE = YES;
				CLANG_WARN_UNGUARDED_AVAILABILITY = YES_AGGRESSIVE;
				CLANG_WARN_UNREACHABLE_CODE = YES;
				CLANG_WARN__DUPLICATE_METHOD_MATCH = YES;
				CODE_SIGN_IDENTITY = "iPhone Developer";
				COPY_PHASE_STRIP = NO;
				DEBUG_INFORMATION_FORMAT = "dwarf-with-dsym";
				ENABLE_NS_ASSERTIONS = NO;
				ENABLE_STRICT_OBJC_MSGSEND = YES;
				GCC_C_LANGUAGE_STANDARD = gnu11;
				GCC_NO_COMMON_BLOCKS = YES;
				GCC_WARN_64_TO_32_BIT_CONVERSION = YES;
				GCC_WARN_ABOUT_RETURN_TYPE = YES_ERROR;
				GCC_WARN_UNDECLARED_SELECTOR = YES;
				GCC_WARN_UNINITIALIZED_AUTOS = YES_AGGRESSIVE;
				GCC_WARN_UNUSED_FUNCTION = YES;
				GCC_WARN_UNUSED_VARIABLE = YES;
				IPHONEOS_DEPLOYMENT_TARGET = 11.0;
				MTL_ENABLE_DEBUG_INFO = NO;
				MTL_FAST_MATH = YES;
				SDKROOT = iphoneos;
				SWIFT_COMPILATION_MODE = wholemodule;
				SWIFT_OPTIMIZATION_LEVEL = "-O";
				VALIDATE_PRODUCT = YES;
			};
			name = Release;
		};
		0520971E21C52C110026579C /* Debug */ = {
			isa = XCBuildConfiguration;
			baseConfigurationReference = 991F4192F8D75312B7CC56FC /* Pods-PhotoGallery.debug.xcconfig */;
			buildSettings = {
				ASSETCATALOG_COMPILER_APPICON_NAME = AppIcon;
				CODE_SIGN_STYLE = Automatic;
				DEVELOPMENT_TEAM = "";
				INFOPLIST_FILE = PhotoGallery/Info.plist;
				IPHONEOS_DEPLOYMENT_TARGET = 11;
				LD_RUNPATH_SEARCH_PATHS = (
					"$(inherited)",
					"@executable_path/Frameworks",
				);
				PRODUCT_BUNDLE_IDENTIFIER = com.homify.PhotoGallery;
				PRODUCT_NAME = "$(TARGET_NAME)";
				SWIFT_VERSION = 4.2;
				TARGETED_DEVICE_FAMILY = "1,2";
			};
			name = Debug;
		};
		0520971F21C52C110026579C /* Release */ = {
			isa = XCBuildConfiguration;
			baseConfigurationReference = 572989924D66B3540FC8C77D /* Pods-PhotoGallery.release.xcconfig */;
			buildSettings = {
				ASSETCATALOG_COMPILER_APPICON_NAME = AppIcon;
				CODE_SIGN_STYLE = Automatic;
				DEVELOPMENT_TEAM = "";
				INFOPLIST_FILE = PhotoGallery/Info.plist;
				IPHONEOS_DEPLOYMENT_TARGET = 11;
				LD_RUNPATH_SEARCH_PATHS = (
					"$(inherited)",
					"@executable_path/Frameworks",
				);
				PRODUCT_BUNDLE_IDENTIFIER = com.homify.PhotoGallery;
				PRODUCT_NAME = "$(TARGET_NAME)";
				SWIFT_VERSION = 4.2;
				TARGETED_DEVICE_FAMILY = "1,2";
			};
			name = Release;
		};
		0520972121C52C110026579C /* Debug */ = {
			isa = XCBuildConfiguration;
			baseConfigurationReference = 692F3FB6EA5684291BCB4C29 /* Pods-PhotoGalleryTests.debug.xcconfig */;
			buildSettings = {
				ALWAYS_EMBED_SWIFT_STANDARD_LIBRARIES = YES;
				BUNDLE_LOADER = "$(TEST_HOST)";
				CODE_SIGN_STYLE = Automatic;
				INFOPLIST_FILE = PhotoGalleryTests/Info.plist;
				LD_RUNPATH_SEARCH_PATHS = (
					"$(inherited)",
					"@executable_path/Frameworks",
					"@loader_path/Frameworks",
				);
				PRODUCT_BUNDLE_IDENTIFIER = com.homify.PhotoGalleryTests;
				PRODUCT_NAME = "$(TARGET_NAME)";
				SWIFT_VERSION = 4.2;
				TARGETED_DEVICE_FAMILY = "1,2";
				TEST_HOST = "$(BUILT_PRODUCTS_DIR)/PhotoGallery.app/PhotoGallery";
			};
			name = Debug;
		};
		0520972221C52C110026579C /* Release */ = {
			isa = XCBuildConfiguration;
			baseConfigurationReference = C937605981F790E1CDC6CD09 /* Pods-PhotoGalleryTests.release.xcconfig */;
			buildSettings = {
				ALWAYS_EMBED_SWIFT_STANDARD_LIBRARIES = YES;
				BUNDLE_LOADER = "$(TEST_HOST)";
				CODE_SIGN_STYLE = Automatic;
				INFOPLIST_FILE = PhotoGalleryTests/Info.plist;
				LD_RUNPATH_SEARCH_PATHS = (
					"$(inherited)",
					"@executable_path/Frameworks",
					"@loader_path/Frameworks",
				);
				PRODUCT_BUNDLE_IDENTIFIER = com.homify.PhotoGalleryTests;
				PRODUCT_NAME = "$(TARGET_NAME)";
				SWIFT_VERSION = 4.2;
				TARGETED_DEVICE_FAMILY = "1,2";
				TEST_HOST = "$(BUILT_PRODUCTS_DIR)/PhotoGallery.app/PhotoGallery";
			};
			name = Release;
		};
/* End XCBuildConfiguration section */

/* Begin XCConfigurationList section */
		052096FB21C52C0F0026579C /* Build configuration list for PBXProject "PhotoGallery" */ = {
			isa = XCConfigurationList;
			buildConfigurations = (
				0520971B21C52C110026579C /* Debug */,
				0520971C21C52C110026579C /* Release */,
			);
			defaultConfigurationIsVisible = 0;
			defaultConfigurationName = Release;
		};
		0520971D21C52C110026579C /* Build configuration list for PBXNativeTarget "PhotoGallery" */ = {
			isa = XCConfigurationList;
			buildConfigurations = (
				0520971E21C52C110026579C /* Debug */,
				0520971F21C52C110026579C /* Release */,
			);
			defaultConfigurationIsVisible = 0;
			defaultConfigurationName = Release;
		};
		0520972021C52C110026579C /* Build configuration list for PBXNativeTarget "PhotoGalleryTests" */ = {
			isa = XCConfigurationList;
			buildConfigurations = (
				0520972121C52C110026579C /* Debug */,
				0520972221C52C110026579C /* Release */,
			);
			defaultConfigurationIsVisible = 0;
			defaultConfigurationName = Release;
		};
/* End XCConfigurationList section */
	};
	rootObject = 052096F821C52C0F0026579C /* Project object */;
}
